
Microsoft Visual Studio Solution File, Format Version 12.00
# Visual Studio 2012
Project("{8BC9CEB8-8B4A-11D0-8D11-00A0C91BC942}") = "MyoSignalCapture", "MyoSignalCapture\MyoSignalCapture.vcxproj", "{03699F41-FA3B-4595-A7F7-36B89A8284B9}"
EndProject
Global
	GlobalSection(SolutionConfigurationPlatforms) = preSolution
		Debug|Win32 = Debug|Win32
		Release|Win32 = Release|Win32
	EndGlobalSection
	GlobalSection(ProjectConfigurationPlatforms) = postSolution
		{03699F41-FA3B-4595-A7F7-36B89A8284B9}.Debug|Win32.ActiveCfg = Debug|Win32
		{03699F41-FA3B-4595-A7F7-36B89A8284B9}.Debug|Win32.Build.0 = Debug|Win32
		{03699F41-FA3B-4595-A7F7-36B89A8284B9}.Release|Win32.ActiveCfg = Release|Win32
		{03699F41-FA3B-4595-A7F7-36B89A8284B9}.Release|Win32.Build.0 = Release|Win32
	EndGlobalSection
	GlobalSection(SolutionProperties) = preSolution
		HideSolutionNode = FALSE
	EndGlobalSection
EndGlobal
